// !$*UTF8*$!
{
	archiveVersion = 1;
	classes = {
	};
	objectVersion = 46;
	objects = {

/* Begin PBXBuildFile section */
		3A03B2F11F2114F2005AA73A /* TheMovieDatabaseApiClient.swift in Sources */ = {isa = PBXBuildFile; fileRef = 3A03B2F01F2114F2005AA73A /* TheMovieDatabaseApiClient.swift */; };
		3A03B2F31F211657005AA73A /* Keys.swift in Sources */ = {isa = PBXBuildFile; fileRef = 3A03B2F21F211657005AA73A /* Keys.swift */; };
		3A03B2F51F211B8E005AA73A /* Movie.swift in Sources */ = {isa = PBXBuildFile; fileRef = 3A03B2F41F211B8E005AA73A /* Movie.swift */; };
		3A03B2F91F213789005AA73A /* MovieObject.swift in Sources */ = {isa = PBXBuildFile; fileRef = 3A03B2F81F213789005AA73A /* MovieObject.swift */; };
		3A03B2FB1F213A76005AA73A /* WatchlistTableViewController.swift in Sources */ = {isa = PBXBuildFile; fileRef = 3A03B2FA1F213A76005AA73A /* WatchlistTableViewController.swift */; };
		3A4DB5B91F20FF4300309B04 /* PrimarySplitViewController.swift in Sources */ = {isa = PBXBuildFile; fileRef = 3A4DB5B81F20FF4300309B04 /* PrimarySplitViewController.swift */; };
		3A4E8F3E1F27B2450057FF66 /* FilterOptions.swift in Sources */ = {isa = PBXBuildFile; fileRef = 3A4E8F3D1F27B2450057FF66 /* FilterOptions.swift */; };
		3A84FD191F1E99CC0043D3A4 /* AppDelegate.swift in Sources */ = {isa = PBXBuildFile; fileRef = 3A84FD181F1E99CC0043D3A4 /* AppDelegate.swift */; };
		3A84FD1B1F1E99CC0043D3A4 /* FiltersViewController.swift in Sources */ = {isa = PBXBuildFile; fileRef = 3A84FD1A1F1E99CC0043D3A4 /* FiltersViewController.swift */; };
		3A84FD1E1F1E99CC0043D3A4 /* Main.storyboard in Resources */ = {isa = PBXBuildFile; fileRef = 3A84FD1C1F1E99CC0043D3A4 /* Main.storyboard */; };
		3A84FD211F1E99CC0043D3A4 /* pickyFlix.xcdatamodeld in Sources */ = {isa = PBXBuildFile; fileRef = 3A84FD1F1F1E99CC0043D3A4 /* pickyFlix.xcdatamodeld */; };
		3A84FD231F1E99CC0043D3A4 /* Assets.xcassets in Resources */ = {isa = PBXBuildFile; fileRef = 3A84FD221F1E99CC0043D3A4 /* Assets.xcassets */; };
		3A84FD261F1E99CC0043D3A4 /* LaunchScreen.storyboard in Resources */ = {isa = PBXBuildFile; fileRef = 3A84FD241F1E99CC0043D3A4 /* LaunchScreen.storyboard */; };
		3A84FD2F1F1EAD5D0043D3A4 /* SearchResultsTableViewController.swift in Sources */ = {isa = PBXBuildFile; fileRef = 3A84FD2E1F1EAD5D0043D3A4 /* SearchResultsTableViewController.swift */; };
		3A84FD311F1EAD9A0043D3A4 /* MovieTableViewCell.swift in Sources */ = {isa = PBXBuildFile; fileRef = 3A84FD301F1EAD9A0043D3A4 /* MovieTableViewCell.swift */; };
/* End PBXBuildFile section */

/* Begin PBXFileReference section */
		3A03B2F01F2114F2005AA73A /* TheMovieDatabaseApiClient.swift */ = {isa = PBXFileReference; fileEncoding = 4; lastKnownFileType = sourcecode.swift; path = TheMovieDatabaseApiClient.swift; sourceTree = "<group>"; };
		3A03B2F21F211657005AA73A /* Keys.swift */ = {isa = PBXFileReference; fileEncoding = 4; lastKnownFileType = sourcecode.swift; path = Keys.swift; sourceTree = "<group>"; };
		3A03B2F41F211B8E005AA73A /* Movie.swift */ = {isa = PBXFileReference; fileEncoding = 4; lastKnownFileType = sourcecode.swift; path = Movie.swift; sourceTree = "<group>"; };
		3A03B2F81F213789005AA73A /* MovieObject.swift */ = {isa = PBXFileReference; fileEncoding = 4; lastKnownFileType = sourcecode.swift; path = MovieObject.swift; sourceTree = "<group>"; };
		3A03B2FA1F213A76005AA73A /* WatchlistTableViewController.swift */ = {isa = PBXFileReference; fileEncoding = 4; lastKnownFileType = sourcecode.swift; path = WatchlistTableViewController.swift; sourceTree = "<group>"; };
		3A4DB5B81F20FF4300309B04 /* PrimarySplitViewController.swift */ = {isa = PBXFileReference; fileEncoding = 4; lastKnownFileType = sourcecode.swift; path = PrimarySplitViewController.swift; sourceTree = "<group>"; };
		3A4E8F3D1F27B2450057FF66 /* FilterOptions.swift */ = {isa = PBXFileReference; fileEncoding = 4; lastKnownFileType = sourcecode.swift; path = FilterOptions.swift; sourceTree = "<group>"; };
		3A84FD151F1E99CC0043D3A4 /* pickyFlix.app */ = {isa = PBXFileReference; explicitFileType = wrapper.application; includeInIndex = 0; path = pickyFlix.app; sourceTree = BUILT_PRODUCTS_DIR; };
		3A84FD181F1E99CC0043D3A4 /* AppDelegate.swift */ = {isa = PBXFileReference; lastKnownFileType = sourcecode.swift; path = AppDelegate.swift; sourceTree = "<group>"; };
		3A84FD1A1F1E99CC0043D3A4 /* FiltersViewController.swift */ = {isa = PBXFileReference; lastKnownFileType = sourcecode.swift; path = FiltersViewController.swift; sourceTree = "<group>"; };
		3A84FD1D1F1E99CC0043D3A4 /* Base */ = {isa = PBXFileReference; lastKnownFileType = file.storyboard; name = Base; path = Base.lproj/Main.storyboard; sourceTree = "<group>"; };
		3A84FD201F1E99CC0043D3A4 /* pickyFlix.xcdatamodel */ = {isa = PBXFileReference; lastKnownFileType = wrapper.xcdatamodel; path = pickyFlix.xcdatamodel; sourceTree = "<group>"; };
		3A84FD221F1E99CC0043D3A4 /* Assets.xcassets */ = {isa = PBXFileReference; lastKnownFileType = folder.assetcatalog; path = Assets.xcassets; sourceTree = "<group>"; };
		3A84FD251F1E99CC0043D3A4 /* Base */ = {isa = PBXFileReference; lastKnownFileType = file.storyboard; name = Base; path = Base.lproj/LaunchScreen.storyboard; sourceTree = "<group>"; };
		3A84FD271F1E99CC0043D3A4 /* Info.plist */ = {isa = PBXFileReference; lastKnownFileType = text.plist.xml; path = Info.plist; sourceTree = "<group>"; };
		3A84FD2E1F1EAD5D0043D3A4 /* SearchResultsTableViewController.swift */ = {isa = PBXFileReference; fileEncoding = 4; lastKnownFileType = sourcecode.swift; path = SearchResultsTableViewController.swift; sourceTree = "<group>"; };
		3A84FD301F1EAD9A0043D3A4 /* MovieTableViewCell.swift */ = {isa = PBXFileReference; fileEncoding = 4; lastKnownFileType = sourcecode.swift; path = MovieTableViewCell.swift; sourceTree = "<group>"; };
/* End PBXFileReference section */

/* Begin PBXFrameworksBuildPhase section */
		3A84FD121F1E99CC0043D3A4 /* Frameworks */ = {
			isa = PBXFrameworksBuildPhase;
			buildActionMask = 2147483647;
			files = (
			);
			runOnlyForDeploymentPostprocessing = 0;
		};
/* End PBXFrameworksBuildPhase section */

/* Begin PBXGroup section */
		3A84FD0C1F1E99CC0043D3A4 = {
			isa = PBXGroup;
			children = (
				3A84FD171F1E99CC0043D3A4 /* pickyFlix */,
				3A84FD161F1E99CC0043D3A4 /* Products */,
			);
			sourceTree = "<group>";
		};
		3A84FD161F1E99CC0043D3A4 /* Products */ = {
			isa = PBXGroup;
			children = (
				3A84FD151F1E99CC0043D3A4 /* pickyFlix.app */,
			);
			name = Products;
			sourceTree = "<group>";
		};
		3A84FD171F1E99CC0043D3A4 /* pickyFlix */ = {
			isa = PBXGroup;
			children = (
				3A4E8F3D1F27B2450057FF66 /* FilterOptions.swift */,
				3A03B2F81F213789005AA73A /* MovieObject.swift */,
				3A03B2F21F211657005AA73A /* Keys.swift */,
				3A84FD2D1F1EA7FA0043D3A4 /* Supporting Files */,
				3A84FD1A1F1E99CC0043D3A4 /* FiltersViewController.swift */,
				3A03B2F01F2114F2005AA73A /* TheMovieDatabaseApiClient.swift */,
				3A84FD1C1F1E99CC0043D3A4 /* Main.storyboard */,
				3A4DB5B81F20FF4300309B04 /* PrimarySplitViewController.swift */,
				3A84FD2E1F1EAD5D0043D3A4 /* SearchResultsTableViewController.swift */,
				3A03B2FA1F213A76005AA73A /* WatchlistTableViewController.swift */,
				3A03B2F41F211B8E005AA73A /* Movie.swift */,
				3A84FD301F1EAD9A0043D3A4 /* MovieTableViewCell.swift */,
				3A84FD1F1F1E99CC0043D3A4 /* pickyFlix.xcdatamodeld */,
			);
			path = pickyFlix;
			sourceTree = "<group>";
		};
		3A84FD2D1F1EA7FA0043D3A4 /* Supporting Files */ = {
			isa = PBXGroup;
			children = (
				3A84FD181F1E99CC0043D3A4 /* AppDelegate.swift */,
				3A84FD221F1E99CC0043D3A4 /* Assets.xcassets */,
				3A84FD241F1E99CC0043D3A4 /* LaunchScreen.storyboard */,
				3A84FD271F1E99CC0043D3A4 /* Info.plist */,
			);
			name = "Supporting Files";
			sourceTree = "<group>";
		};
/* End PBXGroup section */

/* Begin PBXNativeTarget section */
		3A84FD141F1E99CC0043D3A4 /* pickyFlix */ = {
			isa = PBXNativeTarget;
			buildConfigurationList = 3A84FD2A1F1E99CC0043D3A4 /* Build configuration list for PBXNativeTarget "pickyFlix" */;
			buildPhases = (
				3A84FD111F1E99CC0043D3A4 /* Sources */,
				3A84FD121F1E99CC0043D3A4 /* Frameworks */,
				3A84FD131F1E99CC0043D3A4 /* Resources */,
			);
			buildRules = (
			);
			dependencies = (
			);
			name = pickyFlix;
			productName = pickyFlix;
			productReference = 3A84FD151F1E99CC0043D3A4 /* pickyFlix.app */;
			productType = "com.apple.product-type.application";
		};
/* End PBXNativeTarget section */

/* Begin PBXProject section */
		3A84FD0D1F1E99CC0043D3A4 /* Project object */ = {
			isa = PBXProject;
			attributes = {
				LastSwiftUpdateCheck = 0830;
				LastUpgradeCheck = 0830;
				ORGANIZATIONNAME = drew;
				TargetAttributes = {
					3A84FD141F1E99CC0043D3A4 = {
						CreatedOnToolsVersion = 8.3.3;
						ProvisioningStyle = Automatic;
					};
				};
			};
			buildConfigurationList = 3A84FD101F1E99CC0043D3A4 /* Build configuration list for PBXProject "pickyFlix" */;
			compatibilityVersion = "Xcode 3.2";
			developmentRegion = English;
			hasScannedForEncodings = 0;
			knownRegions = (
				en,
				Base,
			);
			mainGroup = 3A84FD0C1F1E99CC0043D3A4;
			productRefGroup = 3A84FD161F1E99CC0043D3A4 /* Products */;
			projectDirPath = "";
			projectRoot = "";
			targets = (
				3A84FD141F1E99CC0043D3A4 /* pickyFlix */,
			);
		};
/* End PBXProject section */

/* Begin PBXResourcesBuildPhase section */
		3A84FD131F1E99CC0043D3A4 /* Resources */ = {
			isa = PBXResourcesBuildPhase;
			buildActionMask = 2147483647;
			files = (
				3A84FD261F1E99CC0043D3A4 /* LaunchScreen.storyboard in Resources */,
				3A84FD231F1E99CC0043D3A4 /* Assets.xcassets in Resources */,
				3A84FD1E1F1E99CC0043D3A4 /* Main.storyboard in Resources */,
			);
			runOnlyForDeploymentPostprocessing = 0;
		};
/* End PBXResourcesBuildPhase section */

/* Begin PBXSourcesBuildPhase section */
		3A84FD111F1E99CC0043D3A4 /* Sources */ = {
			isa = PBXSourcesBuildPhase;
			buildActionMask = 2147483647;
			files = (
				3A03B2FB1F213A76005AA73A /* WatchlistTableViewController.swift in Sources */,
				3A4DB5B91F20FF4300309B04 /* PrimarySplitViewController.swift in Sources */,
				3A03B2F91F213789005AA73A /* MovieObject.swift in Sources */,
				3A4E8F3E1F27B2450057FF66 /* FilterOptions.swift in Sources */,
				3A03B2F31F211657005AA73A /* Keys.swift in Sources */,
				3A03B2F51F211B8E005AA73A /* Movie.swift in Sources */,
				3A84FD311F1EAD9A0043D3A4 /* MovieTableViewCell.swift in Sources */,
				3A84FD2F1F1EAD5D0043D3A4 /* SearchResultsTableViewController.swift in Sources */,
				3A84FD1B1F1E99CC0043D3A4 /* FiltersViewController.swift in Sources */,
				3A03B2F11F2114F2005AA73A /* TheMovieDatabaseApiClient.swift in Sources */,
				3A84FD191F1E99CC0043D3A4 /* AppDelegate.swift in Sources */,
				3A84FD211F1E99CC0043D3A4 /* pickyFlix.xcdatamodeld in Sources */,
			);
			runOnlyForDeploymentPostprocessing = 0;
		};
/* End PBXSourcesBuildPhase section */

/* Begin PBXVariantGroup section */
		3A84FD1C1F1E99CC0043D3A4 /* Main.storyboard */ = {
			isa = PBXVariantGroup;
			children = (
				3A84FD1D1F1E99CC0043D3A4 /* Base */,
			);
			name = Main.storyboard;
			sourceTree = "<group>";
		};
		3A84FD241F1E99CC0043D3A4 /* LaunchScreen.storyboard */ = {
			isa = PBXVariantGroup;
			children = (
				3A84FD251F1E99CC0043D3A4 /* Base */,
			);
			name = LaunchScreen.storyboard;
			sourceTree = "<group>";
		};
/* End PBXVariantGroup section */

/* Begin XCBuildConfiguration section */
		3A84FD281F1E99CC0043D3A4 /* Debug */ = {
			isa = XCBuildConfiguration;
			buildSettings = {
				ALWAYS_SEARCH_USER_PATHS = NO;
				CLANG_ANALYZER_NONNULL = YES;
				CLANG_ANALYZER_NUMBER_OBJECT_CONVERSION = YES_AGGRESSIVE;
				CLANG_CXX_LANGUAGE_STANDARD = "gnu++0x";
				CLANG_CXX_LIBRARY = "libc++";
				CLANG_ENABLE_MODULES = YES;
				CLANG_ENABLE_OBJC_ARC = YES;
				CLANG_WARN_BOOL_CONVERSION = YES;
				CLANG_WARN_CONSTANT_CONVERSION = YES;
				CLANG_WARN_DIRECT_OBJC_ISA_USAGE = YES_ERROR;
				CLANG_WARN_DOCUMENTATION_COMMENTS = YES;
				CLANG_WARN_EMPTY_BODY = YES;
				CLANG_WARN_ENUM_CONVERSION = YES;
				CLANG_WARN_INFINITE_RECURSION = YES;
				CLANG_WARN_INT_CONVERSION = YES;
				CLANG_WARN_OBJC_ROOT_CLASS = YES_ERROR;
				CLANG_WARN_SUSPICIOUS_MOVE = YES;
				CLANG_WARN_UNREACHABLE_CODE = YES;
				CLANG_WARN__DUPLICATE_METHOD_MATCH = YES;
				"CODE_SIGN_IDENTITY[sdk=iphoneos*]" = "iPhone Developer";
				COPY_PHASE_STRIP = NO;
				DEBUG_INFORMATION_FORMAT = dwarf;
				ENABLE_STRICT_OBJC_MSGSEND = YES;
				ENABLE_TESTABILITY = YES;
				GCC_C_LANGUAGE_STANDARD = gnu99;
				GCC_DYNAMIC_NO_PIC = NO;
				GCC_NO_COMMON_BLOCKS = YES;
				GCC_OPTIMIZATION_LEVEL = 0;
				GCC_PREPROCESSOR_DEFINITIONS = (
					"DEBUG=1",
					"$(inherited)",
				);
				GCC_WARN_64_TO_32_BIT_CONVERSION = YES;
				GCC_WARN_ABOUT_RETURN_TYPE = YES_ERROR;
				GCC_WARN_UNDECLARED_SELECTOR = YES;
				GCC_WARN_UNINITIALIZED_AUTOS = YES_AGGRESSIVE;
				GCC_WARN_UNUSED_FUNCTION = YES;
				GCC_WARN_UNUSED_VARIABLE = YES;
				IPHONEOS_DEPLOYMENT_TARGET = 10.3;
				MTL_ENABLE_DEBUG_INFO = YES;
				ONLY_ACTIVE_ARCH = YES;
				SDKROOT = iphoneos;
				SWIFT_ACTIVE_COMPILATION_CONDITIONS = DEBUG;
				SWIFT_OPTIMIZATION_LEVEL = "-Onone";
				TARGETED_DEVICE_FAMILY = "1,2";
			};
			name = Debug;
		};
		3A84FD291F1E99CC0043D3A4 /* Release */ = {
			isa = XCBuildConfiguration;
			buildSettings = {
				ALWAYS_SEARCH_USER_PATHS = NO;
				CLANG_ANALYZER_NONNULL = YES;
				CLANG_ANALYZER_NUMBER_OBJECT_CONVERSION = YES_AGGRESSIVE;
				CLANG_CXX_LANGUAGE_STANDARD = "gnu++0x";
				CLANG_CXX_LIBRARY = "libc++";
				CLANG_ENABLE_MODULES = YES;
				CLANG_ENABLE_OBJC_ARC = YES;
				CLANG_WARN_BOOL_CONVERSION = YES;
				CLANG_WARN_CONSTANT_CONVERSION = YES;
				CLANG_WARN_DIRECT_OBJC_ISA_USAGE = YES_ERROR;
				CLANG_WARN_DOCUMENTATION_COMMENTS = YES;
				CLANG_WARN_EMPTY_BODY = YES;
				CLANG_WARN_ENUM_CONVERSION = YES;
				CLANG_WARN_INFINITE_RECURSION = YES;
				CLANG_WARN_INT_CONVERSION = YES;
				CLANG_WARN_OBJC_ROOT_CLASS = YES_ERROR;
				CLANG_WARN_SUSPICIOUS_MOVE = YES;
				CLANG_WARN_UNREACHABLE_CODE = YES;
				CLANG_WARN__DUPLICATE_METHOD_MATCH = YES;
				"CODE_SIGN_IDENTITY[sdk=iphoneos*]" = "iPhone Developer";
				COPY_PHASE_STRIP = NO;
				DEBUG_INFORMATION_FORMAT = "dwarf-with-dsym";
				ENABLE_NS_ASSERTIONS = NO;
				ENABLE_STRICT_OBJC_MSGSEND = YES;
				GCC_C_LANGUAGE_STANDARD = gnu99;
				GCC_NO_COMMON_BLOCKS = YES;
				GCC_WARN_64_TO_32_BIT_CONVERSION = YES;
				GCC_WARN_ABOUT_RETURN_TYPE = YES_ERROR;
				GCC_WARN_UNDECLARED_SELECTOR = YES;
				GCC_WARN_UNINITIALIZED_AUTOS = YES_AGGRESSIVE;
				GCC_WARN_UNUSED_FUNCTION = YES;
				GCC_WARN_UNUSED_VARIABLE = YES;
				IPHONEOS_DEPLOYMENT_TARGET = 10.3;
				MTL_ENABLE_DEBUG_INFO = NO;
				SDKROOT = iphoneos;
				SWIFT_OPTIMIZATION_LEVEL = "-Owholemodule";
				TARGETED_DEVICE_FAMILY = "1,2";
				VALIDATE_PRODUCT = YES;
			};
			name = Release;
		};
		3A84FD2B1F1E99CC0043D3A4 /* Debug */ = {
			isa = XCBuildConfiguration;
			buildSettings = {
				ASSETCATALOG_COMPILER_APPICON_NAME = AppIcon;
				INFOPLIST_FILE = pickyFlix/Info.plist;
				LD_RUNPATH_SEARCH_PATHS = "$(inherited) @executable_path/Frameworks";
				PRODUCT_BUNDLE_IDENTIFIER = drew.pickyFlix;
				PRODUCT_NAME = "$(TARGET_NAME)";
				SWIFT_VERSION = 3.0;
			};
			name = Debug;
		};
		3A84FD2C1F1E99CC0043D3A4 /* Release */ = {
			isa = XCBuildConfiguration;
			buildSettings = {
				ASSETCATALOG_COMPILER_APPICON_NAME = AppIcon;
				INFOPLIST_FILE = pickyFlix/Info.plist;
				LD_RUNPATH_SEARCH_PATHS = "$(inherited) @executable_path/Frameworks";
				PRODUCT_BUNDLE_IDENTIFIER = drew.pickyFlix;
				PRODUCT_NAME = "$(TARGET_NAME)";
				SWIFT_VERSION = 3.0;
			};
			name = Release;
		};
/* End XCBuildConfiguration section */

/* Begin XCConfigurationList section */
		3A84FD101F1E99CC0043D3A4 /* Build configuration list for PBXProject "pickyFlix" */ = {
			isa = XCConfigurationList;
			buildConfigurations = (
				3A84FD281F1E99CC0043D3A4 /* Debug */,
				3A84FD291F1E99CC0043D3A4 /* Release */,
			);
			defaultConfigurationIsVisible = 0;
			defaultConfigurationName = Release;
		};
		3A84FD2A1F1E99CC0043D3A4 /* Build configuration list for PBXNativeTarget "pickyFlix" */ = {
			isa = XCConfigurationList;
			buildConfigurations = (
				3A84FD2B1F1E99CC0043D3A4 /* Debug */,
				3A84FD2C1F1E99CC0043D3A4 /* Release */,
			);
			defaultConfigurationIsVisible = 0;
			defaultConfigurationName = Release;
		};
/* End XCConfigurationList section */

/* Begin XCVersionGroup section */
		3A84FD1F1F1E99CC0043D3A4 /* pickyFlix.xcdatamodeld */ = {
			isa = XCVersionGroup;
			children = (
				3A84FD201F1E99CC0043D3A4 /* pickyFlix.xcdatamodel */,
			);
			currentVersion = 3A84FD201F1E99CC0043D3A4 /* pickyFlix.xcdatamodel */;
			path = pickyFlix.xcdatamodeld;
			sourceTree = "<group>";
			versionGroupType = wrapper.xcdatamodel;
		};
/* End XCVersionGroup section */
	};
	rootObject = 3A84FD0D1F1E99CC0043D3A4 /* Project object */;
}
